<?xml version="1.0" encoding="utf-8"?>
<Project ToolsVersion="4.0" xmlns="http://schemas.microsoft.com/developer/msbuild/2003">
  <ItemGroup>
    <Filter Include="Source Files">
      <UniqueIdentifier>{4FC737F1-C7A5-4376-A066-2A32D752A2FF}</UniqueIdentifier>
      <Extensions>cpp;c;cc;cxx;def;odl;idl;hpj;bat;asm;asmx</Extensions>
    </Filter>
    <Filter Include="Header Files">
      <UniqueIdentifier>{93995380-89BD-4b04-88EB-625FBE52EBFB}</UniqueIdentifier>
      <Extensions>h;hh;hpp;hxx;hm;inl;inc;xsd</Extensions>
    </Filter>
    <Filter Include="Resource Files">
      <UniqueIdentifier>{67DA6AB6-F800-4c08-8B7A-83BB121AAD01}</UniqueIdentifier>
      <Extensions>rc;ico;cur;bmp;dlg;rc2;rct;bin;rgs;gif;jpg;jpeg;jpe;resx;tiff;tif;png;wav;mfcribbon-ms</Extensions>
    </Filter>
    <Filter Include="PIDControllers">
      <UniqueIdentifier>{5a3f8888-d116-4d55-9eff-16ada99d6d53}</UniqueIdentifier>
    </Filter>
    <Filter Include="MotorControllers">
      <UniqueIdentifier>{4fcaf1b5-b935-4e99-84bc-a39f20c0bf6f}</UniqueIdentifier>
    </Filter>
    <Filter Include="LineSensorSystems">
      <UniqueIdentifier>{fbb61898-a111-4132-9406-e9feb771db54}</UniqueIdentifier>
    </Filter>
  </ItemGroup>
  <ItemGroup>
    <None Include="HoverCraftSystem.ino" />
    <None Include="FrontLineSensorSystem.ino">
      <Filter>LineSensorSystems</Filter>
    </None>
    <None Include="MainThread.ino" />
    <None Include="FrontLeftMotorPID.ino">
      <Filter>PIDControllers</Filter>
    </None>
    <None Include="FrontRightMotorPID.ino">
      <Filter>PIDControllers</Filter>
    </None>
    <None Include="FrontLeftMotorControl.ino">
      <Filter>MotorControllers</Filter>
    </None>
    <None Include="FrontRightMotorControl.ino">
      <Filter>MotorControllers</Filter>
    </None>
    <None Include="RearRightMotorControl.ino">
      <Filter>MotorControllers</Filter>
    </None>
    <None Include="RearLeftMotorPID.ino">
      <Filter>PIDControllers</Filter>
    </None>
    <None Include="RearRightMotorPID.ino">
      <Filter>PIDControllers</Filter>
    </None>
    <None Include="RearLineSensorSystem.ino">
      <Filter>LineSensorSystems</Filter>
    </None>
    <None Include="RearLeftMotorControl.ino">
      <Filter>MotorControllers</Filter>
    </None>
  </ItemGroup>
  <ItemGroup>
    <ClInclude Include="Visual Micro\.HoverCraftSystem.vsarduino.h">
      <Filter>Header Files</Filter>
    </ClInclude>
    <ClInclude Include="testC_file.h">
      <Filter>Header Files</Filter>
    </ClInclude>
  </ItemGroup>
</Project>